
Microsoft Visual Studio Solution File, Format Version 12.00
# Visual Studio Version 17
VisualStudioVersion = 17.1.32421.90
MinimumVisualStudioVersion = 10.0.40219.1
Project("{FAE04EC0-301F-11D3-BF4B-00C04F79EFBC}") = "OpenMRS", "OpenMRS\OpenMRS.csproj", "{09818DB4-96E9-4230-87EC-DCC5F89744FC}"
EndProject
Global
	GlobalSection(SolutionConfigurationPlatforms) = preSolution
		Debug|Any CPU = Debug|Any CPU
		Release|Any CPU = Release|Any CPU
	EndGlobalSection
	GlobalSection(ProjectConfigurationPlatforms) = postSolution
		{09818DB4-96E9-4230-87EC-DCC5F89744FC}.Debug|Any CPU.ActiveCfg = Debug|Any CPU
		{09818DB4-96E9-4230-87EC-DCC5F89744FC}.Debug|Any CPU.Build.0 = Debug|Any CPU
		{09818DB4-96E9-4230-87EC-DCC5F89744FC}.Release|Any CPU.ActiveCfg = Release|Any CPU
		{09818DB4-96E9-4230-87EC-DCC5F89744FC}.Release|Any CPU.Build.0 = Release|Any CPU
	EndGlobalSection
	GlobalSection(SolutionProperties) = preSolution
		HideSolutionNode = FALSE
	EndGlobalSection
	GlobalSection(ExtensibilityGlobals) = postSolution
		SolutionGuid = {C28EA4C9-B6CA-4D2B-B99A-7B1F5F525FAC}
	EndGlobalSection
EndGlobal
